
Microsoft Visual Studio Solution File, Format Version 12.00
# Visual Studio Version 16
VisualStudioVersion = 16.0.29613.14
MinimumVisualStudioVersion = 10.0.40219.1
Project("{FAE04EC0-301F-11D3-BF4B-00C04F79EFBC}") = "codessentials.CGM", "src\codessentials.CGM.csproj", "{37967B3C-E8B9-4729-A9AB-CC9842EA4649}"
EndProject
Project("{FAE04EC0-301F-11D3-BF4B-00C04F79EFBC}") = "codessentials.CGM.Tests", "tests\codessentials.CGM.Tests.csproj", "{AEE1BB15-B8DB-4FCD-B3E7-341F9C6EF292}"
EndProject
Global
	GlobalSection(SolutionConfigurationPlatforms) = preSolution
		Debug|Any CPU = Debug|Any CPU
		Release|Any CPU = Release|Any CPU
	EndGlobalSection
	GlobalSection(ProjectConfigurationPlatforms) = postSolution
		{37967B3C-E8B9-4729-A9AB-CC9842EA4649}.Debug|Any CPU.ActiveCfg = Debug|Any CPU
		{37967B3C-E8B9-4729-A9AB-CC9842EA4649}.Debug|Any CPU.Build.0 = Debug|Any CPU
		{37967B3C-E8B9-4729-A9AB-CC9842EA4649}.Release|Any CPU.ActiveCfg = Release|Any CPU
		{37967B3C-E8B9-4729-A9AB-CC9842EA4649}.Release|Any CPU.Build.0 = Release|Any CPU
		{AEE1BB15-B8DB-4FCD-B3E7-341F9C6EF292}.Debug|Any CPU.ActiveCfg = Debug|Any CPU
		{AEE1BB15-B8DB-4FCD-B3E7-341F9C6EF292}.Debug|Any CPU.Build.0 = Debug|Any CPU
		{AEE1BB15-B8DB-4FCD-B3E7-341F9C6EF292}.Release|Any CPU.ActiveCfg = Release|Any CPU
		{AEE1BB15-B8DB-4FCD-B3E7-341F9C6EF292}.Release|Any CPU.Build.0 = Release|Any CPU
	EndGlobalSection
	GlobalSection(SolutionProperties) = preSolution
		HideSolutionNode = FALSE
	EndGlobalSection
	GlobalSection(ExtensibilityGlobals) = postSolution
		SolutionGuid = {CE642F13-4DDE-4CC7-80CF-578AF18938EB}
	EndGlobalSection
EndGlobal
